
Microsoft Visual Studio Solution File, Format Version 12.00
# Visual Studio Version 17
VisualStudioVersion = 17.11.35327.3
MinimumVisualStudioVersion = 10.0.40219.1
Project("{F184B08F-C81C-45F6-A57F-5ABD9991F28F}") = "WindowsApp6", "WindowsApp6.vbproj", "{0ABB6301-A8A5-4543-A45B-BEB2A44B2F59}"
EndProject
Global
	GlobalSection(SolutionConfigurationPlatforms) = preSolution
		Debug|Any CPU = Debug|Any CPU
		Release|Any CPU = Release|Any CPU
	EndGlobalSection
	GlobalSection(ProjectConfigurationPlatforms) = postSolution
		{0ABB6301-A8A5-4543-A45B-BEB2A44B2F59}.Debug|Any CPU.ActiveCfg = Debug|Any CPU
		{0ABB6301-A8A5-4543-A45B-BEB2A44B2F59}.Debug|Any CPU.Build.0 = Debug|Any CPU
		{0ABB6301-A8A5-4543-A45B-BEB2A44B2F59}.Release|Any CPU.ActiveCfg = Release|Any CPU
		{0ABB6301-A8A5-4543-A45B-BEB2A44B2F59}.Release|Any CPU.Build.0 = Release|Any CPU
	EndGlobalSection
	GlobalSection(SolutionProperties) = preSolution
		HideSolutionNode = FALSE
	EndGlobalSection
	GlobalSection(ExtensibilityGlobals) = postSolution
		SolutionGuid = {568E65BB-95E7-49CE-845F-8BA9200B1D23}
	EndGlobalSection
EndGlobal
